github.com/compose-spec/compose-spec v0.0.0-20230831080344-796804a634e4 h1:WYO1gwhtojD+wKjniI395XxsQXM1gCPT1rFe02VwQ0Q=
github.com/compose-spec/compose-spec v0.0.0-20230831080344-796804a634e4/go.mod h1:SkxF2HOKkzpp+mNdvGONzi3g2shI/M94GkMgsE0JLuk=
github.com/distribution/distribution v2.8.2+incompatible h1:k9+4DKdOG+quPFZXT/mUsiQrGu9vYCp+dXpuPkuqhk8=
github.com/distribution/distribution v2.8.2+incompatible/go.mod h1:EgLm2NgWtdKgzF9NpMzUKgzmR7AMmb0VQi2B+ZzDRjc=
github.com/docker/buildx v0.11.2 h1:R3p9F0gnI4FwvQ0p40UwdX1T4ugap4UWxY3TFHoP4Ws=
github.com/docker/buildx v0.11.2/go.mod h1:CWAABt10iIuGpleypA3103mplDfcGu0A2AvT03xfpTc=
github.com/docker/compose-cli v1.0.35 h1:uZyEHLalfqBS2PiTpA1LAULyJmuQ+YtZg7nG4Xl3/Cc=
github.com/docker/compose-cli v1.0.35/go.mod h1:mSXI4hFLpRU3EtI8NTo32bNwI0UXSr8jnq+/rYjGAUU=
github.com/docker/distribution v2.8.2+incompatible h1:T3de5rq0dB1j30rp0sA2rER+m322EBzniBPB6ZIzuh8=
github.com/docker/distribution v2.8.2+incompatible/go.mod h1:J2gT2udsDAN96Uj4KfcMRqY0/ypR+oyYUYmja8H+y+w=
github.com/docker/scout-cli v0.24.0 h1:NOO6lC5bd4V1spYtrw37M9uVhnGq2XlgtVuE+QSzO/E=
github.com/docker/scout-cli v0.24.0/go.mod h1:Eo1RyCJsx3ldz/YTY5yGxu9g9mwTYbRUutxQUkow3Fc=
github.com/moby/buildkit v0.12.2 h1:B7guBgY6sfk4dBlv/ORUxyYlp0UojYaYyATgtNwSCXc=
github.com/moby/buildkit v0.12.2/go.mod h1:adB4y0SxxX8trnrY+oEulb48ODLqPO6pKMF0ppGcCoI=
github.com/moby/moby v24.0.5+incompatible h1:uUbydai/Y9J7Ybt+lFI3zBdnsMYXnXE9vEcfZDoEE8Q=
github.com/moby/moby v24.0.5+incompatible/go.mod h1:fDXVQ6+S340veQPv35CzDahGBmHsiclFwfEygB/TWMc=
github.com/opencontainers/go-digest v1.0.0 h1:apOUWs51W5PlhuyGyz9FCeeBIOUDA/6nW8Oi/yOhh5U=
github.com/opencontainers/go-digest v1.0.0/go.mod h1:0JzlMkj0TRzQZfJkVvzbP0HBR3IKzErnv2BNG4W4MAM=
github.com/opencontainers/image-spec v1.1.0-rc3 h1:fzg1mXZFj8YdPeNkRXMg+zb88BFV0Ys52cJydRwBkb8=
github.com/opencontainers/image-spec v1.1.0-rc3/go.mod h1:X4pATf0uXsnn3g5aiGIsVnJBR4mxhKzfwmvK/B2NTm8=
