github.com/jmooring/hugo-module-footer v0.1.1 h1:SszOUlI3H1eZQ1FkW9BfuHlkvcK7jpIukMI05v99Kfc=
github.com/jmooring/hugo-module-footer v0.1.1/go.mod h1:TPEu7TphpuD0760gFhfQ8Duj0das86CMbzizO0qD9aw=
github.com/jmooring/hugo-module-footer v0.1.3 h1:6krQO/ZTI7fVJSSWAfCRK+fMNdSnGX7swcnm/RWsJ68=
github.com/jmooring/hugo-module-footer v0.1.3/go.mod h1:TPEu7TphpuD0760gFhfQ8Duj0das86CMbzizO0qD9aw=
