github.com/KKKZOZ/hugo-admonitions v0.3.0 h1:cgwUrRd1vTGFim8USZCJwmHqgJrEpfC36K4MJ15PgEc=
github.com/KKKZOZ/hugo-admonitions v0.3.0/go.mod h1:4PsJAsqo3mS3VzAtDLa8k0ds+CJQUWZhAo9kLi1NRlM=
github.com/KKKZOZ/hugo-admonitions v0.3.1 h1:u3A1YHEKhNp3+2Y1nYrFCSjqCqXOF3iMNLCoW/PNXgY=
github.com/KKKZOZ/hugo-admonitions v0.3.1/go.mod h1:4PsJAsqo3mS3VzAtDLa8k0ds+CJQUWZhAo9kLi1NRlM=
github.com/KKKZOZ/hugo-admonitions v0.4.0 h1:/fCXFELXusClC0U4NPRF0jzsO03CxaI/TUUHdYdAPCA=
github.com/KKKZOZ/hugo-admonitions v0.4.0/go.mod h1:4PsJAsqo3mS3VzAtDLa8k0ds+CJQUWZhAo9kLi1NRlM=
github.com/KKKZOZ/hugo-admonitions v0.4.1 h1:REyRqbi9xX9/qjbV+pFUVISY7qWqNl+jydEUYrapoUI=
github.com/KKKZOZ/hugo-admonitions v0.4.1/go.mod h1:4PsJAsqo3mS3VzAtDLa8k0ds+CJQUWZhAo9kLi1NRlM=
github.com/KKKZOZ/hugo-admonitions v0.4.2 h1:YppNt/wf+SrVsBlkukJpWaoQ72d7mbFSi9f5N96CmUY=
github.com/KKKZOZ/hugo-admonitions v0.4.2/go.mod h1:4PsJAsqo3mS3VzAtDLa8k0ds+CJQUWZhAo9kLi1NRlM=
