{
  "name": "hugo-testing",
  "lockfileVersion": 2,
  "requires": true,
  "packages": {
    "": {
      "devDependencies": {
        "javascript-time-ago": "^2.3.13"
      }
    },
    "node_modules/javascript-time-ago": {
      "version": "2.3.13",
      "resolved": "https://registry.npmjs.org/javascript-time-ago/-/javascript-time-ago-2.3.13.tgz",
      "integrity": "sha512-LiNqRLERXpePGLejdqjbxfMkFlwx+2RDz21Jfw/3l2mH20fTa6nAtwOFQmAK5l0SfaV7HvixJgTCxyph9VmG1Q==",
      "dev": true,
      "dependencies": {
        "relative-time-format": "^1.0.7"
      }
    },
    "node_modules/relative-time-format": {
      "version": "1.0.7",
      "resolved": "https://registry.npmjs.org/relative-time-format/-/relative-time-format-1.0.7.tgz",
      "integrity": "sha512-BoLPaoL5y94ngPI4iJ9mNHqRS8NA+Hjs6oYHL5UYkbnA7/iTlvJiMoQQt8txhHhc+Y3e6yXWhwTAKvsQhnx2yg==",
      "dev": true
    }
  },
  "dependencies": {
    "javascript-time-ago": {
      "version": "2.3.13",
      "resolved": "https://registry.npmjs.org/javascript-time-ago/-/javascript-time-ago-2.3.13.tgz",
      "integrity": "sha512-LiNqRLERXpePGLejdqjbxfMkFlwx+2RDz21Jfw/3l2mH20fTa6nAtwOFQmAK5l0SfaV7HvixJgTCxyph9VmG1Q==",
      "dev": true,
      "requires": {
        "relative-time-format": "^1.0.7"
      }
    },
    "relative-time-format": {
      "version": "1.0.7",
      "resolved": "https://registry.npmjs.org/relative-time-format/-/relative-time-format-1.0.7.tgz",
      "integrity": "sha512-BoLPaoL5y94ngPI4iJ9mNHqRS8NA+Hjs6oYHL5UYkbnA7/iTlvJiMoQQt8txhHhc+Y3e6yXWhwTAKvsQhnx2yg==",
      "dev": true
    }
  }
}
