{
  "name": "hugo-testing",
  "lockfileVersion": 2,
  "requires": true,
  "packages": {
    "": {
      "devDependencies": {
        "list.js": "^2.3.1"
      }
    },
    "node_modules/list.js": {
      "version": "2.3.1",
      "resolved": "https://registry.npmjs.org/list.js/-/list.js-2.3.1.tgz",
      "integrity": "sha512-jnmm7DYpKtH3DxtO1E2VNCC9Gp7Wrp/FWA2JxQrZUhVJ2RCQBd57pCN6W5w6jpsfWZV0PCAbTX2NOPgyFeeZZg==",
      "dev": true,
      "dependencies": {
        "string-natural-compare": "^2.0.2"
      },
      "engines": {
        "node": "^6.0 || ^8.0 || ^10.0 || ^12.0 || >=14"
      }
    },
    "node_modules/string-natural-compare": {
      "version": "2.0.3",
      "resolved": "https://registry.npmjs.org/string-natural-compare/-/string-natural-compare-2.0.3.tgz",
      "integrity": "sha512-4Kcl12rNjc+6EKhY8QyDVuQTAlMWwRiNbsxnVwBUKFr7dYPQuXVrtNU4sEkjF9LHY0AY6uVbB3ktbkIH4LC+BQ==",
      "dev": true
    }
  },
  "dependencies": {
    "list.js": {
      "version": "2.3.1",
      "resolved": "https://registry.npmjs.org/list.js/-/list.js-2.3.1.tgz",
      "integrity": "sha512-jnmm7DYpKtH3DxtO1E2VNCC9Gp7Wrp/FWA2JxQrZUhVJ2RCQBd57pCN6W5w6jpsfWZV0PCAbTX2NOPgyFeeZZg==",
      "dev": true,
      "requires": {
        "string-natural-compare": "^2.0.2"
      }
    },
    "string-natural-compare": {
      "version": "2.0.3",
      "resolved": "https://registry.npmjs.org/string-natural-compare/-/string-natural-compare-2.0.3.tgz",
      "integrity": "sha512-4Kcl12rNjc+6EKhY8QyDVuQTAlMWwRiNbsxnVwBUKFr7dYPQuXVrtNU4sEkjF9LHY0AY6uVbB3ktbkIH4LC+BQ==",
      "dev": true
    }
  }
}
